
Microsoft Visual Studio Solution File, Format Version 12.00
# Visual Studio 2012
Project("{FAE04EC0-301F-11D3-BF4B-00C04F79EFBC}") = "DFFDelivery", "DFFDelivery\DFFDelivery.csproj", "{4D7F25BC-4102-4E6A-838E-35A6627EBB75}"
EndProject
Global
	GlobalSection(TeamFoundationVersionControl) = preSolution
		SccNumberOfProjects = 2
		SccEnterpriseProvider = {4CA58AB2-18FA-4F8D-95D4-32DDF27D184C}
		SccTeamFoundationServer = https://nwd-group.visualstudio.com/defaultcollection
		SccLocalPath0 = .
		SccProjectUniqueName1 = DFFDelivery\\DFFDelivery.csproj
		SccProjectName1 = DFFDelivery
		SccLocalPath1 = DFFDelivery
	EndGlobalSection
	GlobalSection(SolutionConfigurationPlatforms) = preSolution
		Debug|Any CPU = Debug|Any CPU
		Release|Any CPU = Release|Any CPU
	EndGlobalSection
	GlobalSection(ProjectConfigurationPlatforms) = postSolution
		{4D7F25BC-4102-4E6A-838E-35A6627EBB75}.Debug|Any CPU.ActiveCfg = Debug|Any CPU
		{4D7F25BC-4102-4E6A-838E-35A6627EBB75}.Debug|Any CPU.Build.0 = Debug|Any CPU
		{4D7F25BC-4102-4E6A-838E-35A6627EBB75}.Debug|Any CPU.Deploy.0 = Debug|Any CPU
		{4D7F25BC-4102-4E6A-838E-35A6627EBB75}.Release|Any CPU.ActiveCfg = Release|Any CPU
		{4D7F25BC-4102-4E6A-838E-35A6627EBB75}.Release|Any CPU.Build.0 = Release|Any CPU
	EndGlobalSection
	GlobalSection(SolutionProperties) = preSolution
		HideSolutionNode = FALSE
	EndGlobalSection
	GlobalSection(MonoDevelopProperties) = preSolution
		StartupItem = DFFDelivery\DFFDelivery.csproj
	EndGlobalSection
EndGlobal
